// !$*UTF8*$!
{
	archiveVersion = 1;
	classes = {
	};
	objectVersion = 56;
	objects = {

/* Begin PBXBuildFile section */
		618AB4902A8674FC002D5C3E /* Airports.swift in Sources */ = {isa = PBXBuildFile; fileRef = 618AB4872A8674FC002D5C3E /* Airports.swift */; };
		618AB4912A8674FC002D5C3E /* FilterFlights.swift in Sources */ = {isa = PBXBuildFile; fileRef = 618AB4882A8674FC002D5C3E /* FilterFlights.swift */; };
		618AB4932A8674FC002D5C3E /* FlightsEnrouteView.swift in Sources */ = {isa = PBXBuildFile; fileRef = 618AB48A2A8674FC002D5C3E /* FlightsEnrouteView.swift */; };
		618AB4942A8674FC002D5C3E /* Airlines.swift in Sources */ = {isa = PBXBuildFile; fileRef = 618AB48B2A8674FC002D5C3E /* Airlines.swift */; };
		618AB4952A8674FC002D5C3E /* FlightFetcher.swift in Sources */ = {isa = PBXBuildFile; fileRef = 618AB48C2A8674FC002D5C3E /* FlightFetcher.swift */; };
		618AB4972A8674FC002D5C3E /* FoundationExtensions.swift in Sources */ = {isa = PBXBuildFile; fileRef = 618AB48E2A8674FC002D5C3E /* FoundationExtensions.swift */; };
		618AB4A32A867903002D5C3E /* FlightAware+AirlineInfo.swift in Sources */ = {isa = PBXBuildFile; fileRef = 618AB49C2A867903002D5C3E /* FlightAware+AirlineInfo.swift */; };
		618AB4A42A867903002D5C3E /* FAFlight.swift in Sources */ = {isa = PBXBuildFile; fileRef = 618AB49D2A867903002D5C3E /* FAFlight.swift */; };
		618AB4A52A867903002D5C3E /* FlightAware+AirportInfo.swift in Sources */ = {isa = PBXBuildFile; fileRef = 618AB49E2A867903002D5C3E /* FlightAware+AirportInfo.swift */; };
		618AB4A62A867903002D5C3E /* FlightAwareRequest.swift in Sources */ = {isa = PBXBuildFile; fileRef = 618AB49F2A867903002D5C3E /* FlightAwareRequest.swift */; };
		618AB4A72A867903002D5C3E /* FlightSimulationData.swift in Sources */ = {isa = PBXBuildFile; fileRef = 618AB4A02A867903002D5C3E /* FlightSimulationData.swift */; };
		618AB4A82A867903002D5C3E /* FlightAware+Enroute.swift in Sources */ = {isa = PBXBuildFile; fileRef = 618AB4A12A867903002D5C3E /* FlightAware+Enroute.swift */; };
		618AB4AC2A8679F8002D5C3E /* Preview Assets.xcassets in Resources */ = {isa = PBXBuildFile; fileRef = 618AB4AB2A8679F8002D5C3E /* Preview Assets.xcassets */; };
		618AB4AF2A8683E0002D5C3E /* Airport.swift in Sources */ = {isa = PBXBuildFile; fileRef = 618AB4AE2A8683E0002D5C3E /* Airport.swift */; };
		61C4B6442A87B43C003CE6A8 /* Airline.swift in Sources */ = {isa = PBXBuildFile; fileRef = 61C4B6432A87B43C003CE6A8 /* Airline.swift */; };
		61C4B6462A87B4F4003CE6A8 /* Flight.swift in Sources */ = {isa = PBXBuildFile; fileRef = 61C4B6452A87B4F4003CE6A8 /* Flight.swift */; };
		61DD0F2A2A856C700082174A /* EnrouteApp.swift in Sources */ = {isa = PBXBuildFile; fileRef = 61DD0F292A856C700082174A /* EnrouteApp.swift */; };
		61DD0F2E2A856C710082174A /* Assets.xcassets in Resources */ = {isa = PBXBuildFile; fileRef = 61DD0F2D2A856C710082174A /* Assets.xcassets */; };
		61DD0F332A856C710082174A /* Persistence.swift in Sources */ = {isa = PBXBuildFile; fileRef = 61DD0F322A856C710082174A /* Persistence.swift */; };
		61DD0F362A856C710082174A /* Enroute.xcdatamodeld in Sources */ = {isa = PBXBuildFile; fileRef = 61DD0F342A856C710082174A /* Enroute.xcdatamodeld */; };
/* End PBXBuildFile section */

/* Begin PBXFileReference section */
		618AB4872A8674FC002D5C3E /* Airports.swift */ = {isa = PBXFileReference; fileEncoding = 4; lastKnownFileType = sourcecode.swift; path = Airports.swift; sourceTree = "<group>"; };
		618AB4882A8674FC002D5C3E /* FilterFlights.swift */ = {isa = PBXFileReference; fileEncoding = 4; lastKnownFileType = sourcecode.swift; path = FilterFlights.swift; sourceTree = "<group>"; };
		618AB48A2A8674FC002D5C3E /* FlightsEnrouteView.swift */ = {isa = PBXFileReference; fileEncoding = 4; lastKnownFileType = sourcecode.swift; path = FlightsEnrouteView.swift; sourceTree = "<group>"; };
		618AB48B2A8674FC002D5C3E /* Airlines.swift */ = {isa = PBXFileReference; fileEncoding = 4; lastKnownFileType = sourcecode.swift; path = Airlines.swift; sourceTree = "<group>"; };
		618AB48C2A8674FC002D5C3E /* FlightFetcher.swift */ = {isa = PBXFileReference; fileEncoding = 4; lastKnownFileType = sourcecode.swift; path = FlightFetcher.swift; sourceTree = "<group>"; };
		618AB48E2A8674FC002D5C3E /* FoundationExtensions.swift */ = {isa = PBXFileReference; fileEncoding = 4; lastKnownFileType = sourcecode.swift; path = FoundationExtensions.swift; sourceTree = "<group>"; };
		618AB49C2A867903002D5C3E /* FlightAware+AirlineInfo.swift */ = {isa = PBXFileReference; fileEncoding = 4; lastKnownFileType = sourcecode.swift; path = "FlightAware+AirlineInfo.swift"; sourceTree = "<group>"; };
		618AB49D2A867903002D5C3E /* FAFlight.swift */ = {isa = PBXFileReference; fileEncoding = 4; lastKnownFileType = sourcecode.swift; path = FAFlight.swift; sourceTree = "<group>"; };
		618AB49E2A867903002D5C3E /* FlightAware+AirportInfo.swift */ = {isa = PBXFileReference; fileEncoding = 4; lastKnownFileType = sourcecode.swift; path = "FlightAware+AirportInfo.swift"; sourceTree = "<group>"; };
		618AB49F2A867903002D5C3E /* FlightAwareRequest.swift */ = {isa = PBXFileReference; fileEncoding = 4; lastKnownFileType = sourcecode.swift; path = FlightAwareRequest.swift; sourceTree = "<group>"; };
		618AB4A02A867903002D5C3E /* FlightSimulationData.swift */ = {isa = PBXFileReference; fileEncoding = 4; lastKnownFileType = sourcecode.swift; path = FlightSimulationData.swift; sourceTree = "<group>"; };
		618AB4A12A867903002D5C3E /* FlightAware+Enroute.swift */ = {isa = PBXFileReference; fileEncoding = 4; lastKnownFileType = sourcecode.swift; path = "FlightAware+Enroute.swift"; sourceTree = "<group>"; };
		618AB4AB2A8679F8002D5C3E /* Preview Assets.xcassets */ = {isa = PBXFileReference; lastKnownFileType = folder.assetcatalog; path = "Preview Assets.xcassets"; sourceTree = "<group>"; };
		618AB4AE2A8683E0002D5C3E /* Airport.swift */ = {isa = PBXFileReference; lastKnownFileType = sourcecode.swift; path = Airport.swift; sourceTree = "<group>"; };
		61C4B6432A87B43C003CE6A8 /* Airline.swift */ = {isa = PBXFileReference; lastKnownFileType = sourcecode.swift; path = Airline.swift; sourceTree = "<group>"; };
		61C4B6452A87B4F4003CE6A8 /* Flight.swift */ = {isa = PBXFileReference; lastKnownFileType = sourcecode.swift; path = Flight.swift; sourceTree = "<group>"; };
		61DD0F262A856C700082174A /* Enroute.app */ = {isa = PBXFileReference; explicitFileType = wrapper.application; includeInIndex = 0; path = Enroute.app; sourceTree = BUILT_PRODUCTS_DIR; };
		61DD0F292A856C700082174A /* EnrouteApp.swift */ = {isa = PBXFileReference; lastKnownFileType = sourcecode.swift; path = EnrouteApp.swift; sourceTree = "<group>"; };
		61DD0F2D2A856C710082174A /* Assets.xcassets */ = {isa = PBXFileReference; lastKnownFileType = folder.assetcatalog; path = Assets.xcassets; sourceTree = "<group>"; };
		61DD0F322A856C710082174A /* Persistence.swift */ = {isa = PBXFileReference; lastKnownFileType = sourcecode.swift; path = Persistence.swift; sourceTree = "<group>"; };
		61DD0F352A856C710082174A /* Enroute.xcdatamodel */ = {isa = PBXFileReference; lastKnownFileType = wrapper.xcdatamodel; path = Enroute.xcdatamodel; sourceTree = "<group>"; };
/* End PBXFileReference section */

/* Begin PBXFrameworksBuildPhase section */
		61DD0F232A856C700082174A /* Frameworks */ = {
			isa = PBXFrameworksBuildPhase;
			buildActionMask = 2147483647;
			files = (
			);
			runOnlyForDeploymentPostprocessing = 0;
		};
/* End PBXFrameworksBuildPhase section */

/* Begin PBXGroup section */
		61886CB62A88141D00A2999C /* L11 */ = {
			isa = PBXGroup;
			children = (
				618AB48B2A8674FC002D5C3E /* Airlines.swift */,
				618AB4872A8674FC002D5C3E /* Airports.swift */,
				618AB48C2A8674FC002D5C3E /* FlightFetcher.swift */,
			);
			path = L11;
			sourceTree = "<group>";
		};
		618AB49B2A867903002D5C3E /* FlightAware */ = {
			isa = PBXGroup;
			children = (
				618AB49C2A867903002D5C3E /* FlightAware+AirlineInfo.swift */,
				618AB49D2A867903002D5C3E /* FAFlight.swift */,
				618AB49E2A867903002D5C3E /* FlightAware+AirportInfo.swift */,
				618AB49F2A867903002D5C3E /* FlightAwareRequest.swift */,
				618AB4A02A867903002D5C3E /* FlightSimulationData.swift */,
				618AB4A12A867903002D5C3E /* FlightAware+Enroute.swift */,
			);
			path = FlightAware;
			sourceTree = "<group>";
		};
		618AB4AA2A8679F8002D5C3E /* Preview Content */ = {
			isa = PBXGroup;
			children = (
				618AB4AB2A8679F8002D5C3E /* Preview Assets.xcassets */,
			);
			path = "Preview Content";
			sourceTree = "<group>";
		};
		618AB4AD2A8683D0002D5C3E /* L12 */ = {
			isa = PBXGroup;
			children = (
				618AB4AE2A8683E0002D5C3E /* Airport.swift */,
				61C4B6432A87B43C003CE6A8 /* Airline.swift */,
				61C4B6452A87B4F4003CE6A8 /* Flight.swift */,
			);
			path = L12;
			sourceTree = "<group>";
		};
		61DD0F1D2A856C700082174A = {
			isa = PBXGroup;
			children = (
				61DD0F282A856C700082174A /* Enroute */,
				61DD0F272A856C700082174A /* Products */,
			);
			sourceTree = "<group>";
		};
		61DD0F272A856C700082174A /* Products */ = {
			isa = PBXGroup;
			children = (
				61DD0F262A856C700082174A /* Enroute.app */,
			);
			name = Products;
			sourceTree = "<group>";
		};
		61DD0F282A856C700082174A /* Enroute */ = {
			isa = PBXGroup;
			children = (
				61886CB62A88141D00A2999C /* L11 */,
				618AB4AD2A8683D0002D5C3E /* L12 */,
				61DD0F292A856C700082174A /* EnrouteApp.swift */,
				61DD0F2D2A856C710082174A /* Assets.xcassets */,
				61DD0F322A856C710082174A /* Persistence.swift */,
				618AB4882A8674FC002D5C3E /* FilterFlights.swift */,
				618AB48A2A8674FC002D5C3E /* FlightsEnrouteView.swift */,
				618AB48E2A8674FC002D5C3E /* FoundationExtensions.swift */,
				618AB49B2A867903002D5C3E /* FlightAware */,
				61DD0F342A856C710082174A /* Enroute.xcdatamodeld */,
				618AB4AA2A8679F8002D5C3E /* Preview Content */,
			);
			path = Enroute;
			sourceTree = "<group>";
		};
/* End PBXGroup section */

/* Begin PBXNativeTarget section */
		61DD0F252A856C700082174A /* Enroute */ = {
			isa = PBXNativeTarget;
			buildConfigurationList = 61DD0F392A856C710082174A /* Build configuration list for PBXNativeTarget "Enroute" */;
			buildPhases = (
				61DD0F222A856C700082174A /* Sources */,
				61DD0F232A856C700082174A /* Frameworks */,
				61DD0F242A856C700082174A /* Resources */,
			);
			buildRules = (
			);
			dependencies = (
			);
			name = Enroute;
			productName = Enroute;
			productReference = 61DD0F262A856C700082174A /* Enroute.app */;
			productType = "com.apple.product-type.application";
		};
/* End PBXNativeTarget section */

/* Begin PBXProject section */
		61DD0F1E2A856C700082174A /* Project object */ = {
			isa = PBXProject;
			attributes = {
				BuildIndependentTargetsInParallel = 1;
				LastSwiftUpdateCheck = 1430;
				LastUpgradeCheck = 1430;
				TargetAttributes = {
					61DD0F252A856C700082174A = {
						CreatedOnToolsVersion = 14.3.1;
					};
				};
			};
			buildConfigurationList = 61DD0F212A856C700082174A /* Build configuration list for PBXProject "Enroute" */;
			compatibilityVersion = "Xcode 14.0";
			developmentRegion = en;
			hasScannedForEncodings = 0;
			knownRegions = (
				en,
				Base,
			);
			mainGroup = 61DD0F1D2A856C700082174A;
			productRefGroup = 61DD0F272A856C700082174A /* Products */;
			projectDirPath = "";
			projectRoot = "";
			targets = (
				61DD0F252A856C700082174A /* Enroute */,
			);
		};
/* End PBXProject section */

/* Begin PBXResourcesBuildPhase section */
		61DD0F242A856C700082174A /* Resources */ = {
			isa = PBXResourcesBuildPhase;
			buildActionMask = 2147483647;
			files = (
				618AB4AC2A8679F8002D5C3E /* Preview Assets.xcassets in Resources */,
				61DD0F2E2A856C710082174A /* Assets.xcassets in Resources */,
			);
			runOnlyForDeploymentPostprocessing = 0;
		};
/* End PBXResourcesBuildPhase section */

/* Begin PBXSourcesBuildPhase section */
		61DD0F222A856C700082174A /* Sources */ = {
			isa = PBXSourcesBuildPhase;
			buildActionMask = 2147483647;
			files = (
				61DD0F332A856C710082174A /* Persistence.swift in Sources */,
				618AB4952A8674FC002D5C3E /* FlightFetcher.swift in Sources */,
				618AB4A72A867903002D5C3E /* FlightSimulationData.swift in Sources */,
				618AB4A52A867903002D5C3E /* FlightAware+AirportInfo.swift in Sources */,
				618AB4932A8674FC002D5C3E /* FlightsEnrouteView.swift in Sources */,
				61C4B6442A87B43C003CE6A8 /* Airline.swift in Sources */,
				618AB4A42A867903002D5C3E /* FAFlight.swift in Sources */,
				618AB4A32A867903002D5C3E /* FlightAware+AirlineInfo.swift in Sources */,
				618AB4912A8674FC002D5C3E /* FilterFlights.swift in Sources */,
				61C4B6462A87B4F4003CE6A8 /* Flight.swift in Sources */,
				618AB4902A8674FC002D5C3E /* Airports.swift in Sources */,
				618AB4AF2A8683E0002D5C3E /* Airport.swift in Sources */,
				618AB4942A8674FC002D5C3E /* Airlines.swift in Sources */,
				61DD0F362A856C710082174A /* Enroute.xcdatamodeld in Sources */,
				618AB4A62A867903002D5C3E /* FlightAwareRequest.swift in Sources */,
				618AB4972A8674FC002D5C3E /* FoundationExtensions.swift in Sources */,
				61DD0F2A2A856C700082174A /* EnrouteApp.swift in Sources */,
				618AB4A82A867903002D5C3E /* FlightAware+Enroute.swift in Sources */,
			);
			runOnlyForDeploymentPostprocessing = 0;
		};
/* End PBXSourcesBuildPhase section */

/* Begin XCBuildConfiguration section */
		61DD0F372A856C710082174A /* Debug */ = {
			isa = XCBuildConfiguration;
			buildSettings = {
				ALWAYS_SEARCH_USER_PATHS = NO;
				CLANG_ANALYZER_NONNULL = YES;
				CLANG_ANALYZER_NUMBER_OBJECT_CONVERSION = YES_AGGRESSIVE;
				CLANG_CXX_LANGUAGE_STANDARD = "gnu++20";
				CLANG_ENABLE_MODULES = YES;
				CLANG_ENABLE_OBJC_ARC = YES;
				CLANG_ENABLE_OBJC_WEAK = YES;
				CLANG_WARN_BLOCK_CAPTURE_AUTORELEASING = YES;
				CLANG_WARN_BOOL_CONVERSION = YES;
				CLANG_WARN_COMMA = YES;
				CLANG_WARN_CONSTANT_CONVERSION = YES;
				CLANG_WARN_DEPRECATED_OBJC_IMPLEMENTATIONS = YES;
				CLANG_WARN_DIRECT_OBJC_ISA_USAGE = YES_ERROR;
				CLANG_WARN_DOCUMENTATION_COMMENTS = YES;
				CLANG_WARN_EMPTY_BODY = YES;
				CLANG_WARN_ENUM_CONVERSION = YES;
				CLANG_WARN_INFINITE_RECURSION = YES;
				CLANG_WARN_INT_CONVERSION = YES;
				CLANG_WARN_NON_LITERAL_NULL_CONVERSION = YES;
				CLANG_WARN_OBJC_IMPLICIT_RETAIN_SELF = YES;
				CLANG_WARN_OBJC_LITERAL_CONVERSION = YES;
				CLANG_WARN_OBJC_ROOT_CLASS = YES_ERROR;
				CLANG_WARN_QUOTED_INCLUDE_IN_FRAMEWORK_HEADER = YES;
				CLANG_WARN_RANGE_LOOP_ANALYSIS = YES;
				CLANG_WARN_STRICT_PROTOTYPES = YES;
				CLANG_WARN_SUSPICIOUS_MOVE = YES;
				CLANG_WARN_UNGUARDED_AVAILABILITY = YES_AGGRESSIVE;
				CLANG_WARN_UNREACHABLE_CODE = YES;
				CLANG_WARN__DUPLICATE_METHOD_MATCH = YES;
				COPY_PHASE_STRIP = NO;
				DEBUG_INFORMATION_FORMAT = dwarf;
				ENABLE_STRICT_OBJC_MSGSEND = YES;
				ENABLE_TESTABILITY = YES;
				GCC_C_LANGUAGE_STANDARD = gnu11;
				GCC_DYNAMIC_NO_PIC = NO;
				GCC_NO_COMMON_BLOCKS = YES;
				GCC_OPTIMIZATION_LEVEL = 0;
				GCC_PREPROCESSOR_DEFINITIONS = (
					"DEBUG=1",
					"$(inherited)",
				);
				GCC_WARN_64_TO_32_BIT_CONVERSION = YES;
				GCC_WARN_ABOUT_RETURN_TYPE = YES_ERROR;
				GCC_WARN_UNDECLARED_SELECTOR = YES;
				GCC_WARN_UNINITIALIZED_AUTOS = YES_AGGRESSIVE;
				GCC_WARN_UNUSED_FUNCTION = YES;
				GCC_WARN_UNUSED_VARIABLE = YES;
				IPHONEOS_DEPLOYMENT_TARGET = 16.4;
				MTL_ENABLE_DEBUG_INFO = INCLUDE_SOURCE;
				MTL_FAST_MATH = YES;
				ONLY_ACTIVE_ARCH = YES;
				SDKROOT = iphoneos;
				SWIFT_ACTIVE_COMPILATION_CONDITIONS = DEBUG;
				SWIFT_OPTIMIZATION_LEVEL = "-Onone";
			};
			name = Debug;
		};
		61DD0F382A856C710082174A /* Release */ = {
			isa = XCBuildConfiguration;
			buildSettings = {
				ALWAYS_SEARCH_USER_PATHS = NO;
				CLANG_ANALYZER_NONNULL = YES;
				CLANG_ANALYZER_NUMBER_OBJECT_CONVERSION = YES_AGGRESSIVE;
				CLANG_CXX_LANGUAGE_STANDARD = "gnu++20";
				CLANG_ENABLE_MODULES = YES;
				CLANG_ENABLE_OBJC_ARC = YES;
				CLANG_ENABLE_OBJC_WEAK = YES;
				CLANG_WARN_BLOCK_CAPTURE_AUTORELEASING = YES;
				CLANG_WARN_BOOL_CONVERSION = YES;
				CLANG_WARN_COMMA = YES;
				CLANG_WARN_CONSTANT_CONVERSION = YES;
				CLANG_WARN_DEPRECATED_OBJC_IMPLEMENTATIONS = YES;
				CLANG_WARN_DIRECT_OBJC_ISA_USAGE = YES_ERROR;
				CLANG_WARN_DOCUMENTATION_COMMENTS = YES;
				CLANG_WARN_EMPTY_BODY = YES;
				CLANG_WARN_ENUM_CONVERSION = YES;
				CLANG_WARN_INFINITE_RECURSION = YES;
				CLANG_WARN_INT_CONVERSION = YES;
				CLANG_WARN_NON_LITERAL_NULL_CONVERSION = YES;
				CLANG_WARN_OBJC_IMPLICIT_RETAIN_SELF = YES;
				CLANG_WARN_OBJC_LITERAL_CONVERSION = YES;
				CLANG_WARN_OBJC_ROOT_CLASS = YES_ERROR;
				CLANG_WARN_QUOTED_INCLUDE_IN_FRAMEWORK_HEADER = YES;
				CLANG_WARN_RANGE_LOOP_ANALYSIS = YES;
				CLANG_WARN_STRICT_PROTOTYPES = YES;
				CLANG_WARN_SUSPICIOUS_MOVE = YES;
				CLANG_WARN_UNGUARDED_AVAILABILITY = YES_AGGRESSIVE;
				CLANG_WARN_UNREACHABLE_CODE = YES;
				CLANG_WARN__DUPLICATE_METHOD_MATCH = YES;
				COPY_PHASE_STRIP = NO;
				DEBUG_INFORMATION_FORMAT = "dwarf-with-dsym";
				ENABLE_NS_ASSERTIONS = NO;
				ENABLE_STRICT_OBJC_MSGSEND = YES;
				GCC_C_LANGUAGE_STANDARD = gnu11;
				GCC_NO_COMMON_BLOCKS = YES;
				GCC_WARN_64_TO_32_BIT_CONVERSION = YES;
				GCC_WARN_ABOUT_RETURN_TYPE = YES_ERROR;
				GCC_WARN_UNDECLARED_SELECTOR = YES;
				GCC_WARN_UNINITIALIZED_AUTOS = YES_AGGRESSIVE;
				GCC_WARN_UNUSED_FUNCTION = YES;
				GCC_WARN_UNUSED_VARIABLE = YES;
				IPHONEOS_DEPLOYMENT_TARGET = 16.4;
				MTL_ENABLE_DEBUG_INFO = NO;
				MTL_FAST_MATH = YES;
				SDKROOT = iphoneos;
				SWIFT_COMPILATION_MODE = wholemodule;
				SWIFT_OPTIMIZATION_LEVEL = "-O";
				VALIDATE_PRODUCT = YES;
			};
			name = Release;
		};
		61DD0F3A2A856C710082174A /* Debug */ = {
			isa = XCBuildConfiguration;
			buildSettings = {
				ASSETCATALOG_COMPILER_APPICON_NAME = AppIcon;
				ASSETCATALOG_COMPILER_GLOBAL_ACCENT_COLOR_NAME = AccentColor;
				CODE_SIGN_STYLE = Automatic;
				CURRENT_PROJECT_VERSION = 1;
				DEVELOPMENT_ASSET_PATHS = "\"Enroute/Preview Content\"";
				ENABLE_PREVIEWS = YES;
				GENERATE_INFOPLIST_FILE = YES;
				INFOPLIST_KEY_UIApplicationSceneManifest_Generation = YES;
				INFOPLIST_KEY_UIApplicationSupportsIndirectInputEvents = YES;
				INFOPLIST_KEY_UILaunchScreen_Generation = YES;
				INFOPLIST_KEY_UISupportedInterfaceOrientations_iPad = "UIInterfaceOrientationPortrait UIInterfaceOrientationPortraitUpsideDown UIInterfaceOrientationLandscapeLeft UIInterfaceOrientationLandscapeRight";
				INFOPLIST_KEY_UISupportedInterfaceOrientations_iPhone = "UIInterfaceOrientationPortrait UIInterfaceOrientationLandscapeLeft UIInterfaceOrientationLandscapeRight";
				LD_RUNPATH_SEARCH_PATHS = (
					"$(inherited)",
					"@executable_path/Frameworks",
				);
				MARKETING_VERSION = 1.0;
				PRODUCT_BUNDLE_IDENTIFIER = com.apple.developer.Treata.Enroute;
				PRODUCT_NAME = "$(TARGET_NAME)";
				SWIFT_EMIT_LOC_STRINGS = YES;
				SWIFT_VERSION = 5.0;
				TARGETED_DEVICE_FAMILY = "1,2";
			};
			name = Debug;
		};
		61DD0F3B2A856C710082174A /* Release */ = {
			isa = XCBuildConfiguration;
			buildSettings = {
				ASSETCATALOG_COMPILER_APPICON_NAME = AppIcon;
				ASSETCATALOG_COMPILER_GLOBAL_ACCENT_COLOR_NAME = AccentColor;
				CODE_SIGN_STYLE = Automatic;
				CURRENT_PROJECT_VERSION = 1;
				DEVELOPMENT_ASSET_PATHS = "\"Enroute/Preview Content\"";
				ENABLE_PREVIEWS = YES;
				GENERATE_INFOPLIST_FILE = YES;
				INFOPLIST_KEY_UIApplicationSceneManifest_Generation = YES;
				INFOPLIST_KEY_UIApplicationSupportsIndirectInputEvents = YES;
				INFOPLIST_KEY_UILaunchScreen_Generation = YES;
				INFOPLIST_KEY_UISupportedInterfaceOrientations_iPad = "UIInterfaceOrientationPortrait UIInterfaceOrientationPortraitUpsideDown UIInterfaceOrientationLandscapeLeft UIInterfaceOrientationLandscapeRight";
				INFOPLIST_KEY_UISupportedInterfaceOrientations_iPhone = "UIInterfaceOrientationPortrait UIInterfaceOrientationLandscapeLeft UIInterfaceOrientationLandscapeRight";
				LD_RUNPATH_SEARCH_PATHS = (
					"$(inherited)",
					"@executable_path/Frameworks",
				);
				MARKETING_VERSION = 1.0;
				PRODUCT_BUNDLE_IDENTIFIER = com.apple.developer.Treata.Enroute;
				PRODUCT_NAME = "$(TARGET_NAME)";
				SWIFT_EMIT_LOC_STRINGS = YES;
				SWIFT_VERSION = 5.0;
				TARGETED_DEVICE_FAMILY = "1,2";
			};
			name = Release;
		};
/* End XCBuildConfiguration section */

/* Begin XCConfigurationList section */
		61DD0F212A856C700082174A /* Build configuration list for PBXProject "Enroute" */ = {
			isa = XCConfigurationList;
			buildConfigurations = (
				61DD0F372A856C710082174A /* Debug */,
				61DD0F382A856C710082174A /* Release */,
			);
			defaultConfigurationIsVisible = 0;
			defaultConfigurationName = Release;
		};
		61DD0F392A856C710082174A /* Build configuration list for PBXNativeTarget "Enroute" */ = {
			isa = XCConfigurationList;
			buildConfigurations = (
				61DD0F3A2A856C710082174A /* Debug */,
				61DD0F3B2A856C710082174A /* Release */,
			);
			defaultConfigurationIsVisible = 0;
			defaultConfigurationName = Release;
		};
/* End XCConfigurationList section */

/* Begin XCVersionGroup section */
		61DD0F342A856C710082174A /* Enroute.xcdatamodeld */ = {
			isa = XCVersionGroup;
			children = (
				61DD0F352A856C710082174A /* Enroute.xcdatamodel */,
			);
			currentVersion = 61DD0F352A856C710082174A /* Enroute.xcdatamodel */;
			path = Enroute.xcdatamodeld;
			sourceTree = "<group>";
			versionGroupType = wrapper.xcdatamodel;
		};
/* End XCVersionGroup section */
	};
	rootObject = 61DD0F1E2A856C700082174A /* Project object */;
}
